// !$*UTF8*$!
{
	archiveVersion = 1;
	classes = {
	};
	objectVersion = 50;
	objects = {

/* Begin PBXBuildFile section */
		6E58803229522B4000BB5350 /* Structy.swift in Sources */ = {isa = PBXBuildFile; fileRef = 6E58803129522B4000BB5350 /* Structy.swift */; };
		ABA4A0DA276B8E65005E22EC /* AppDelegate.swift in Sources */ = {isa = PBXBuildFile; fileRef = ABA4A0D9276B8E65005E22EC /* AppDelegate.swift */; };
		ABA4A0DC276B8E65005E22EC /* ViewController.swift in Sources */ = {isa = PBXBuildFile; fileRef = ABA4A0DB276B8E65005E22EC /* ViewController.swift */; };
		ABA4A0DF276B8E65005E22EC /* Main.storyboard in Resources */ = {isa = PBXBuildFile; fileRef = ABA4A0DD276B8E65005E22EC /* Main.storyboard */; };
		ABA4A0E1276B8E67005E22EC /* Assets.xcassets in Resources */ = {isa = PBXBuildFile; fileRef = ABA4A0E0276B8E67005E22EC /* Assets.xcassets */; };
		ABA4A0E4276B8E67005E22EC /* LaunchScreen.storyboard in Resources */ = {isa = PBXBuildFile; fileRef = ABA4A0E2276B8E67005E22EC /* LaunchScreen.storyboard */; };
		ABA4A0EC276B8E87005E22EC /* QuizQuestion.swift in Sources */ = {isa = PBXBuildFile; fileRef = ABA4A0EB276B8E87005E22EC /* QuizQuestion.swift */; };
		ABA4A0F0276B9697005E22EC /* QuestionBank.swift in Sources */ = {isa = PBXBuildFile; fileRef = ABA4A0EF276B9697005E22EC /* QuestionBank.swift */; };
		ABA4A0F227721FE2005E22EC /* QuizProgressView.swift in Sources */ = {isa = PBXBuildFile; fileRef = ABA4A0F127721FE2005E22EC /* QuizProgressView.swift */; };
/* End PBXBuildFile section */

/* Begin PBXFileReference section */
		6E58803129522B4000BB5350 /* Structy.swift */ = {isa = PBXFileReference; lastKnownFileType = sourcecode.swift; path = Structy.swift; sourceTree = "<group>"; };
		ABA4A0D6276B8E65005E22EC /* QuizApp.app */ = {isa = PBXFileReference; explicitFileType = wrapper.application; includeInIndex = 0; path = QuizApp.app; sourceTree = BUILT_PRODUCTS_DIR; };
		ABA4A0D9276B8E65005E22EC /* AppDelegate.swift */ = {isa = PBXFileReference; lastKnownFileType = sourcecode.swift; path = AppDelegate.swift; sourceTree = "<group>"; };
		ABA4A0DB276B8E65005E22EC /* ViewController.swift */ = {isa = PBXFileReference; lastKnownFileType = sourcecode.swift; path = ViewController.swift; sourceTree = "<group>"; };
		ABA4A0DE276B8E65005E22EC /* Base */ = {isa = PBXFileReference; lastKnownFileType = file.storyboard; name = Base; path = Base.lproj/Main.storyboard; sourceTree = "<group>"; };
		ABA4A0E0276B8E67005E22EC /* Assets.xcassets */ = {isa = PBXFileReference; lastKnownFileType = folder.assetcatalog; path = Assets.xcassets; sourceTree = "<group>"; };
		ABA4A0E3276B8E67005E22EC /* Base */ = {isa = PBXFileReference; lastKnownFileType = file.storyboard; name = Base; path = Base.lproj/LaunchScreen.storyboard; sourceTree = "<group>"; };
		ABA4A0E5276B8E67005E22EC /* Info.plist */ = {isa = PBXFileReference; lastKnownFileType = text.plist.xml; path = Info.plist; sourceTree = "<group>"; };
		ABA4A0EB276B8E87005E22EC /* QuizQuestion.swift */ = {isa = PBXFileReference; lastKnownFileType = sourcecode.swift; path = QuizQuestion.swift; sourceTree = "<group>"; };
		ABA4A0EF276B9697005E22EC /* QuestionBank.swift */ = {isa = PBXFileReference; lastKnownFileType = sourcecode.swift; path = QuestionBank.swift; sourceTree = "<group>"; };
		ABA4A0F127721FE2005E22EC /* QuizProgressView.swift */ = {isa = PBXFileReference; lastKnownFileType = sourcecode.swift; path = QuizProgressView.swift; sourceTree = "<group>"; };
/* End PBXFileReference section */

/* Begin PBXFrameworksBuildPhase section */
		ABA4A0D3276B8E65005E22EC /* Frameworks */ = {
			isa = PBXFrameworksBuildPhase;
			buildActionMask = 2147483647;
			files = (
			);
			runOnlyForDeploymentPostprocessing = 0;
		};
/* End PBXFrameworksBuildPhase section */

/* Begin PBXGroup section */
		ABA4A0CD276B8E65005E22EC = {
			isa = PBXGroup;
			children = (
				ABA4A0D8276B8E65005E22EC /* QuizApp */,
				ABA4A0D7276B8E65005E22EC /* Products */,
			);
			sourceTree = "<group>";
		};
		ABA4A0D7276B8E65005E22EC /* Products */ = {
			isa = PBXGroup;
			children = (
				ABA4A0D6276B8E65005E22EC /* QuizApp.app */,
			);
			name = Products;
			sourceTree = "<group>";
		};
		ABA4A0D8276B8E65005E22EC /* QuizApp */ = {
			isa = PBXGroup;
			children = (
				6E58803129522B4000BB5350 /* Structy.swift */,
				ABA4A0D9276B8E65005E22EC /* AppDelegate.swift */,
				ABA4A0EB276B8E87005E22EC /* QuizQuestion.swift */,
				ABA4A0DD276B8E65005E22EC /* Main.storyboard */,
				ABA4A0DB276B8E65005E22EC /* ViewController.swift */,
				ABA4A0E0276B8E67005E22EC /* Assets.xcassets */,
				ABA4A0E2276B8E67005E22EC /* LaunchScreen.storyboard */,
				ABA4A0E5276B8E67005E22EC /* Info.plist */,
				ABA4A0EF276B9697005E22EC /* QuestionBank.swift */,
				ABA4A0F127721FE2005E22EC /* QuizProgressView.swift */,
			);
			path = QuizApp;
			sourceTree = "<group>";
		};
/* End PBXGroup section */

/* Begin PBXNativeTarget section */
		ABA4A0D5276B8E65005E22EC /* QuizApp */ = {
			isa = PBXNativeTarget;
			buildConfigurationList = ABA4A0E8276B8E67005E22EC /* Build configuration list for PBXNativeTarget "QuizApp" */;
			buildPhases = (
				ABA4A0D2276B8E65005E22EC /* Sources */,
				ABA4A0D3276B8E65005E22EC /* Frameworks */,
				ABA4A0D4276B8E65005E22EC /* Resources */,
			);
			buildRules = (
			);
			dependencies = (
			);
			name = QuizApp;
			productName = QuizApp;
			productReference = ABA4A0D6276B8E65005E22EC /* QuizApp.app */;
			productType = "com.apple.product-type.application";
		};
/* End PBXNativeTarget section */

/* Begin PBXProject section */
		ABA4A0CE276B8E65005E22EC /* Project object */ = {
			isa = PBXProject;
			attributes = {
				LastSwiftUpdateCheck = 1030;
				LastUpgradeCheck = 1030;
				ORGANIZATIONNAME = Chaz;
				TargetAttributes = {
					ABA4A0D5276B8E65005E22EC = {
						CreatedOnToolsVersion = 10.3;
					};
				};
			};
			buildConfigurationList = ABA4A0D1276B8E65005E22EC /* Build configuration list for PBXProject "QuizApp" */;
			compatibilityVersion = "Xcode 9.3";
			developmentRegion = en;
			hasScannedForEncodings = 0;
			knownRegions = (
				en,
				Base,
			);
			mainGroup = ABA4A0CD276B8E65005E22EC;
			productRefGroup = ABA4A0D7276B8E65005E22EC /* Products */;
			projectDirPath = "";
			projectRoot = "";
			targets = (
				ABA4A0D5276B8E65005E22EC /* QuizApp */,
			);
		};
/* End PBXProject section */

/* Begin PBXResourcesBuildPhase section */
		ABA4A0D4276B8E65005E22EC /* Resources */ = {
			isa = PBXResourcesBuildPhase;
			buildActionMask = 2147483647;
			files = (
				ABA4A0E4276B8E67005E22EC /* LaunchScreen.storyboard in Resources */,
				ABA4A0E1276B8E67005E22EC /* Assets.xcassets in Resources */,
				ABA4A0DF276B8E65005E22EC /* Main.storyboard in Resources */,
			);
			runOnlyForDeploymentPostprocessing = 0;
		};
/* End PBXResourcesBuildPhase section */

/* Begin PBXSourcesBuildPhase section */
		ABA4A0D2276B8E65005E22EC /* Sources */ = {
			isa = PBXSourcesBuildPhase;
			buildActionMask = 2147483647;
			files = (
				6E58803229522B4000BB5350 /* Structy.swift in Sources */,
				ABA4A0EC276B8E87005E22EC /* QuizQuestion.swift in Sources */,
				ABA4A0F0276B9697005E22EC /* QuestionBank.swift in Sources */,
				ABA4A0F227721FE2005E22EC /* QuizProgressView.swift in Sources */,
				ABA4A0DC276B8E65005E22EC /* ViewController.swift in Sources */,
				ABA4A0DA276B8E65005E22EC /* AppDelegate.swift in Sources */,
			);
			runOnlyForDeploymentPostprocessing = 0;
		};
/* End PBXSourcesBuildPhase section */

/* Begin PBXVariantGroup section */
		ABA4A0DD276B8E65005E22EC /* Main.storyboard */ = {
			isa = PBXVariantGroup;
			children = (
				ABA4A0DE276B8E65005E22EC /* Base */,
			);
			name = Main.storyboard;
			sourceTree = "<group>";
		};
		ABA4A0E2276B8E67005E22EC /* LaunchScreen.storyboard */ = {
			isa = PBXVariantGroup;
			children = (
				ABA4A0E3276B8E67005E22EC /* Base */,
			);
			name = LaunchScreen.storyboard;
			sourceTree = "<group>";
		};
/* End PBXVariantGroup section */

/* Begin XCBuildConfiguration section */
		ABA4A0E6276B8E67005E22EC /* Debug */ = {
			isa = XCBuildConfiguration;
			buildSettings = {
				ALWAYS_SEARCH_USER_PATHS = NO;
				CLANG_ANALYZER_NONNULL = YES;
				CLANG_ANALYZER_NUMBER_OBJECT_CONVERSION = YES_AGGRESSIVE;
				CLANG_CXX_LANGUAGE_STANDARD = "gnu++14";
				CLANG_CXX_LIBRARY = "libc++";
				CLANG_ENABLE_MODULES = YES;
				CLANG_ENABLE_OBJC_ARC = YES;
				CLANG_ENABLE_OBJC_WEAK = YES;
				CLANG_WARN_BLOCK_CAPTURE_AUTORELEASING = YES;
				CLANG_WARN_BOOL_CONVERSION = YES;
				CLANG_WARN_COMMA = YES;
				CLANG_WARN_CONSTANT_CONVERSION = YES;
				CLANG_WARN_DEPRECATED_OBJC_IMPLEMENTATIONS = YES;
				CLANG_WARN_DIRECT_OBJC_ISA_USAGE = YES_ERROR;
				CLANG_WARN_DOCUMENTATION_COMMENTS = YES;
				CLANG_WARN_EMPTY_BODY = YES;
				CLANG_WARN_ENUM_CONVERSION = YES;
				CLANG_WARN_INFINITE_RECURSION = YES;
				CLANG_WARN_INT_CONVERSION = YES;
				CLANG_WARN_NON_LITERAL_NULL_CONVERSION = YES;
				CLANG_WARN_OBJC_IMPLICIT_RETAIN_SELF = YES;
				CLANG_WARN_OBJC_LITERAL_CONVERSION = YES;
				CLANG_WARN_OBJC_ROOT_CLASS = YES_ERROR;
				CLANG_WARN_RANGE_LOOP_ANALYSIS = YES;
				CLANG_WARN_STRICT_PROTOTYPES = YES;
				CLANG_WARN_SUSPICIOUS_MOVE = YES;
				CLANG_WARN_UNGUARDED_AVAILABILITY = YES_AGGRESSIVE;
				CLANG_WARN_UNREACHABLE_CODE = YES;
				CLANG_WARN__DUPLICATE_METHOD_MATCH = YES;
				CODE_SIGN_IDENTITY = "iPhone Developer";
				COPY_PHASE_STRIP = NO;
				DEBUG_INFORMATION_FORMAT = dwarf;
				ENABLE_STRICT_OBJC_MSGSEND = YES;
				ENABLE_TESTABILITY = YES;
				GCC_C_LANGUAGE_STANDARD = gnu11;
				GCC_DYNAMIC_NO_PIC = NO;
				GCC_NO_COMMON_BLOCKS = YES;
				GCC_OPTIMIZATION_LEVEL = 0;
				GCC_PREPROCESSOR_DEFINITIONS = (
					"DEBUG=1",
					"$(inherited)",
				);
				GCC_WARN_64_TO_32_BIT_CONVERSION = YES;
				GCC_WARN_ABOUT_RETURN_TYPE = YES_ERROR;
				GCC_WARN_UNDECLARED_SELECTOR = YES;
				GCC_WARN_UNINITIALIZED_AUTOS = YES_AGGRESSIVE;
				GCC_WARN_UNUSED_FUNCTION = YES;
				GCC_WARN_UNUSED_VARIABLE = YES;
				IPHONEOS_DEPLOYMENT_TARGET = 12.4;
				MTL_ENABLE_DEBUG_INFO = INCLUDE_SOURCE;
				MTL_FAST_MATH = YES;
				ONLY_ACTIVE_ARCH = YES;
				SDKROOT = iphoneos;
				SWIFT_ACTIVE_COMPILATION_CONDITIONS = DEBUG;
				SWIFT_OPTIMIZATION_LEVEL = "-Onone";
			};
			name = Debug;
		};
		ABA4A0E7276B8E67005E22EC /* Release */ = {
			isa = XCBuildConfiguration;
			buildSettings = {
				ALWAYS_SEARCH_USER_PATHS = NO;
				CLANG_ANALYZER_NONNULL = YES;
				CLANG_ANALYZER_NUMBER_OBJECT_CONVERSION = YES_AGGRESSIVE;
				CLANG_CXX_LANGUAGE_STANDARD = "gnu++14";
				CLANG_CXX_LIBRARY = "libc++";
				CLANG_ENABLE_MODULES = YES;
				CLANG_ENABLE_OBJC_ARC = YES;
				CLANG_ENABLE_OBJC_WEAK = YES;
				CLANG_WARN_BLOCK_CAPTURE_AUTORELEASING = YES;
				CLANG_WARN_BOOL_CONVERSION = YES;
				CLANG_WARN_COMMA = YES;
				CLANG_WARN_CONSTANT_CONVERSION = YES;
				CLANG_WARN_DEPRECATED_OBJC_IMPLEMENTATIONS = YES;
				CLANG_WARN_DIRECT_OBJC_ISA_USAGE = YES_ERROR;
				CLANG_WARN_DOCUMENTATION_COMMENTS = YES;
				CLANG_WARN_EMPTY_BODY = YES;
				CLANG_WARN_ENUM_CONVERSION = YES;
				CLANG_WARN_INFINITE_RECURSION = YES;
				CLANG_WARN_INT_CONVERSION = YES;
				CLANG_WARN_NON_LITERAL_NULL_CONVERSION = YES;
				CLANG_WARN_OBJC_IMPLICIT_RETAIN_SELF = YES;
				CLANG_WARN_OBJC_LITERAL_CONVERSION = YES;
				CLANG_WARN_OBJC_ROOT_CLASS = YES_ERROR;
				CLANG_WARN_RANGE_LOOP_ANALYSIS = YES;
				CLANG_WARN_STRICT_PROTOTYPES = YES;
				CLANG_WARN_SUSPICIOUS_MOVE = YES;
				CLANG_WARN_UNGUARDED_AVAILABILITY = YES_AGGRESSIVE;
				CLANG_WARN_UNREACHABLE_CODE = YES;
				CLANG_WARN__DUPLICATE_METHOD_MATCH = YES;
				CODE_SIGN_IDENTITY = "iPhone Developer";
				COPY_PHASE_STRIP = NO;
				DEBUG_INFORMATION_FORMAT = "dwarf-with-dsym";
				ENABLE_NS_ASSERTIONS = NO;
				ENABLE_STRICT_OBJC_MSGSEND = YES;
				GCC_C_LANGUAGE_STANDARD = gnu11;
				GCC_NO_COMMON_BLOCKS = YES;
				GCC_WARN_64_TO_32_BIT_CONVERSION = YES;
				GCC_WARN_ABOUT_RETURN_TYPE = YES_ERROR;
				GCC_WARN_UNDECLARED_SELECTOR = YES;
				GCC_WARN_UNINITIALIZED_AUTOS = YES_AGGRESSIVE;
				GCC_WARN_UNUSED_FUNCTION = YES;
				GCC_WARN_UNUSED_VARIABLE = YES;
				IPHONEOS_DEPLOYMENT_TARGET = 12.4;
				MTL_ENABLE_DEBUG_INFO = NO;
				MTL_FAST_MATH = YES;
				SDKROOT = iphoneos;
				SWIFT_COMPILATION_MODE = wholemodule;
				SWIFT_OPTIMIZATION_LEVEL = "-O";
				VALIDATE_PRODUCT = YES;
			};
			name = Release;
		};
		ABA4A0E9276B8E67005E22EC /* Debug */ = {
			isa = XCBuildConfiguration;
			buildSettings = {
				ASSETCATALOG_COMPILER_APPICON_NAME = AppIcon;
				CODE_SIGN_STYLE = Automatic;
				INFOPLIST_FILE = QuizApp/Info.plist;
				LD_RUNPATH_SEARCH_PATHS = (
					"$(inherited)",
					"@executable_path/Frameworks",
				);
				PRODUCT_BUNDLE_IDENTIFIER = com.example.QuizApp;
				PRODUCT_NAME = "$(TARGET_NAME)";
				SWIFT_VERSION = 5.0;
				TARGETED_DEVICE_FAMILY = "1,2";
			};
			name = Debug;
		};
		ABA4A0EA276B8E67005E22EC /* Release */ = {
			isa = XCBuildConfiguration;
			buildSettings = {
				ASSETCATALOG_COMPILER_APPICON_NAME = AppIcon;
				CODE_SIGN_STYLE = Automatic;
				INFOPLIST_FILE = QuizApp/Info.plist;
				LD_RUNPATH_SEARCH_PATHS = (
					"$(inherited)",
					"@executable_path/Frameworks",
				);
				PRODUCT_BUNDLE_IDENTIFIER = com.example.QuizApp;
				PRODUCT_NAME = "$(TARGET_NAME)";
				SWIFT_VERSION = 5.0;
				TARGETED_DEVICE_FAMILY = "1,2";
			};
			name = Release;
		};
/* End XCBuildConfiguration section */

/* Begin XCConfigurationList section */
		ABA4A0D1276B8E65005E22EC /* Build configuration list for PBXProject "QuizApp" */ = {
			isa = XCConfigurationList;
			buildConfigurations = (
				ABA4A0E6276B8E67005E22EC /* Debug */,
				ABA4A0E7276B8E67005E22EC /* Release */,
			);
			defaultConfigurationIsVisible = 0;
			defaultConfigurationName = Release;
		};
		ABA4A0E8276B8E67005E22EC /* Build configuration list for PBXNativeTarget "QuizApp" */ = {
			isa = XCConfigurationList;
			buildConfigurations = (
				ABA4A0E9276B8E67005E22EC /* Debug */,
				ABA4A0EA276B8E67005E22EC /* Release */,
			);
			defaultConfigurationIsVisible = 0;
			defaultConfigurationName = Release;
		};
/* End XCConfigurationList section */
	};
	rootObject = ABA4A0CE276B8E65005E22EC /* Project object */;
}
